// !$*UTF8*$!
{
	archiveVersion = 1;
	classes = {
	};
	objectVersion = 48;
	objects = {

/* Begin PBXBuildFile section */
		05D3735E20ED91E5007FE14A /* StringIsNotEmpty.swift in Sources */ = {isa = PBXBuildFile; fileRef = 05D3734320ED91E5007FE14A /* StringIsNotEmpty.swift */; };
		05D3735F20ED91E5007FE14A /* ArrayIsEmpty.swift in Sources */ = {isa = PBXBuildFile; fileRef = 05D3734420ED91E5007FE14A /* ArrayIsEmpty.swift */; };
		05D3736020ED91E5007FE14A /* StringIsEmpty.swift in Sources */ = {isa = PBXBuildFile; fileRef = 05D3734520ED91E5007FE14A /* StringIsEmpty.swift */; };
		05D3736120ED91E5007FE14A /* CountToString.swift in Sources */ = {isa = PBXBuildFile; fileRef = 05D3734620ED91E5007FE14A /* CountToString.swift */; };
		05D3736220ED91E5007FE14A /* NumberIsGreaterThanZero.swift in Sources */ = {isa = PBXBuildFile; fileRef = 05D3734720ED91E5007FE14A /* NumberIsGreaterThanZero.swift */; };
		05D3736320ED91E5007FE14A /* ArrayHasOnlyOneObject.swift in Sources */ = {isa = PBXBuildFile; fileRef = 05D3734820ED91E5007FE14A /* ArrayHasOnlyOneObject.swift */; };
		05D3736420ED91E5007FE14A /* ArrayHasMoreThanOneObject.swift in Sources */ = {isa = PBXBuildFile; fileRef = 05D3734920ED91E5007FE14A /* ArrayHasMoreThanOneObject.swift */; };
		05D3736520ED91E5007FE14A /* NumberIsLessThanZero.swift in Sources */ = {isa = PBXBuildFile; fileRef = 05D3734A20ED91E5007FE14A /* NumberIsLessThanZero.swift */; };
		05D3736620ED91E5007FE14A /* BoolToDisabledTextColor.swift in Sources */ = {isa = PBXBuildFile; fileRef = 05D3734B20ED91E5007FE14A /* BoolToDisabledTextColor.swift */; };
		05D3736720ED91E5007FE14A /* ArrayIsNotEmpty.swift in Sources */ = {isa = PBXBuildFile; fileRef = 05D3734C20ED91E5007FE14A /* ArrayIsNotEmpty.swift */; };
		05D3736820ED91E5007FE14A /* NumberIsZero.swift in Sources */ = {isa = PBXBuildFile; fileRef = 05D3734D20ED91E5007FE14A /* NumberIsZero.swift */; };
		05D3736920ED91E5007FE14A /* UppercaseString.swift in Sources */ = {isa = PBXBuildFile; fileRef = 05D3734E20ED91E5007FE14A /* UppercaseString.swift */; };
		05D3737220ED96D6007FE14A /* ValueTransformersTests.m in Sources */ = {isa = PBXBuildFile; fileRef = 05D3737120ED96D6007FE14A /* ValueTransformersTests.m */; };
		05D3737420ED96D6007FE14A /* ValueTransformers.framework in Frameworks */ = {isa = PBXBuildFile; fileRef = 05CD4ABA20ED7CD100DBDE99 /* ValueTransformers.framework */; };
/* End PBXBuildFile section */

/* Begin PBXContainerItemProxy section */
		05D3737520ED96D6007FE14A /* PBXContainerItemProxy */ = {
			isa = PBXContainerItemProxy;
			containerPortal = 0543AE5A20DC33BC00284E99 /* Project object */;
			proxyType = 1;
			remoteGlobalIDString = 05CD4AB920ED7CD100DBDE99;
			remoteInfo = ValueTransformers;
		};
/* End PBXContainerItemProxy section */

/* Begin PBXFileReference section */
		050911D820E559CF009EF90C /* Release - ccache.xcconfig */ = {isa = PBXFileReference; lastKnownFileType = text.xcconfig; path = "Release - ccache.xcconfig"; sourceTree = "<group>"; };
		050911D920E559CF009EF90C /* Common.xcconfig */ = {isa = PBXFileReference; lastKnownFileType = text.xcconfig; path = Common.xcconfig; sourceTree = "<group>"; };
		050911DA20E559CF009EF90C /* Debug - ccache.xcconfig */ = {isa = PBXFileReference; lastKnownFileType = text.xcconfig; path = "Debug - ccache.xcconfig"; sourceTree = "<group>"; };
		050911DB20E559CF009EF90C /* Debug.xcconfig */ = {isa = PBXFileReference; lastKnownFileType = text.xcconfig; path = Debug.xcconfig; sourceTree = "<group>"; };
		050911DC20E559CF009EF90C /* Release.xcconfig */ = {isa = PBXFileReference; lastKnownFileType = text.xcconfig; path = Release.xcconfig; sourceTree = "<group>"; };
		050911DD20E559CF009EF90C /* README.md */ = {isa = PBXFileReference; lastKnownFileType = net.daringfireball.markdown; path = README.md; sourceTree = "<group>"; };
		050911DF20E559CF009EF90C /* Signing.xcconfig */ = {isa = PBXFileReference; lastKnownFileType = text.xcconfig; path = Signing.xcconfig; sourceTree = "<group>"; };
		050911E020E559CF009EF90C /* Architectures.xcconfig */ = {isa = PBXFileReference; lastKnownFileType = text.xcconfig; path = Architectures.xcconfig; sourceTree = "<group>"; };
		050911E220E559CF009EF90C /* Issues.xcconfig */ = {isa = PBXFileReference; lastKnownFileType = text.xcconfig; path = Issues.xcconfig; sourceTree = "<group>"; };
		050911E420E559CF009EF90C /* Apple-APIs.xcconfig */ = {isa = PBXFileReference; lastKnownFileType = text.xcconfig; path = "Apple-APIs.xcconfig"; sourceTree = "<group>"; };
		050911E520E559CF009EF90C /* Generic-Issues.xcconfig */ = {isa = PBXFileReference; lastKnownFileType = text.xcconfig; path = "Generic-Issues.xcconfig"; sourceTree = "<group>"; };
		050911E620E559CF009EF90C /* Security.xcconfig */ = {isa = PBXFileReference; lastKnownFileType = text.xcconfig; path = Security.xcconfig; sourceTree = "<group>"; };
		050911E720E559CF009EF90C /* Objective-C.xcconfig */ = {isa = PBXFileReference; lastKnownFileType = text.xcconfig; path = "Objective-C.xcconfig"; sourceTree = "<group>"; };
		050911E820E559CF009EF90C /* Analysis-Policy.xcconfig */ = {isa = PBXFileReference; lastKnownFileType = text.xcconfig; path = "Analysis-Policy.xcconfig"; sourceTree = "<group>"; };
		050911E920E559CF009EF90C /* Deployment.xcconfig */ = {isa = PBXFileReference; lastKnownFileType = text.xcconfig; path = Deployment.xcconfig; sourceTree = "<group>"; };
		050911EA20E559CF009EF90C /* Build-Options.xcconfig */ = {isa = PBXFileReference; lastKnownFileType = text.xcconfig; path = "Build-Options.xcconfig"; sourceTree = "<group>"; };
		050911EB20E559CF009EF90C /* Swift-Compiler.xcconfig */ = {isa = PBXFileReference; lastKnownFileType = text.xcconfig; path = "Swift-Compiler.xcconfig"; sourceTree = "<group>"; };
		050911EC20E559CF009EF90C /* Static-Analyzer.xcconfig */ = {isa = PBXFileReference; lastKnownFileType = text.xcconfig; path = "Static-Analyzer.xcconfig"; sourceTree = "<group>"; };
		050911EE20E559CF009EF90C /* Warnings-Policies.xcconfig */ = {isa = PBXFileReference; lastKnownFileType = text.xcconfig; path = "Warnings-Policies.xcconfig"; sourceTree = "<group>"; };
		050911EF20E559CF009EF90C /* Code-Generation.xcconfig */ = {isa = PBXFileReference; lastKnownFileType = text.xcconfig; path = "Code-Generation.xcconfig"; sourceTree = "<group>"; };
		050911F020E559CF009EF90C /* Language.xcconfig */ = {isa = PBXFileReference; lastKnownFileType = text.xcconfig; path = Language.xcconfig; sourceTree = "<group>"; };
		050911F120E559CF009EF90C /* General.xcconfig */ = {isa = PBXFileReference; lastKnownFileType = text.xcconfig; path = General.xcconfig; sourceTree = "<group>"; };
		050911F220E559CF009EF90C /* Search-Paths.xcconfig */ = {isa = PBXFileReference; lastKnownFileType = text.xcconfig; path = "Search-Paths.xcconfig"; sourceTree = "<group>"; };
		050911F320E559CF009EF90C /* Apple-LLVM.xcconfig */ = {isa = PBXFileReference; lastKnownFileType = text.xcconfig; path = "Apple-LLVM.xcconfig"; sourceTree = "<group>"; };
		050911F620E559CF009EF90C /* Modules.xcconfig */ = {isa = PBXFileReference; lastKnownFileType = text.xcconfig; path = Modules.xcconfig; sourceTree = "<group>"; };
		050911F720E559CF009EF90C /* Objective-C.xcconfig */ = {isa = PBXFileReference; lastKnownFileType = text.xcconfig; path = "Objective-C.xcconfig"; sourceTree = "<group>"; };
		050911F820E559CF009EF90C /* C++.xcconfig */ = {isa = PBXFileReference; lastKnownFileType = text.xcconfig; path = "C++.xcconfig"; sourceTree = "<group>"; };
		050911F920E559CF009EF90C /* Code-Generation.xcconfig */ = {isa = PBXFileReference; lastKnownFileType = text.xcconfig; path = "Code-Generation.xcconfig"; sourceTree = "<group>"; };
		050911FA20E559CF009EF90C /* Address-Sanitizer.xcconfig */ = {isa = PBXFileReference; lastKnownFileType = text.xcconfig; path = "Address-Sanitizer.xcconfig"; sourceTree = "<group>"; };
		050911FB20E559CF009EF90C /* Language.xcconfig */ = {isa = PBXFileReference; lastKnownFileType = text.xcconfig; path = Language.xcconfig; sourceTree = "<group>"; };
		050911FC20E559CF009EF90C /* Warnings.xcconfig */ = {isa = PBXFileReference; lastKnownFileType = text.xcconfig; path = Warnings.xcconfig; sourceTree = "<group>"; };
		050911FD20E559CF009EF90C /* Undefined-Behavior-Sanitizer.xcconfig */ = {isa = PBXFileReference; lastKnownFileType = text.xcconfig; path = "Undefined-Behavior-Sanitizer.xcconfig"; sourceTree = "<group>"; };
		050911FE20E559CF009EF90C /* Warning-Policies.xcconfig */ = {isa = PBXFileReference; lastKnownFileType = text.xcconfig; path = "Warning-Policies.xcconfig"; sourceTree = "<group>"; };
		0509120020E559CF009EF90C /* Objective-C-ARC.xcconfig */ = {isa = PBXFileReference; lastKnownFileType = text.xcconfig; path = "Objective-C-ARC.xcconfig"; sourceTree = "<group>"; };
		0509120120E559CF009EF90C /* Objective-C.xcconfig */ = {isa = PBXFileReference; lastKnownFileType = text.xcconfig; path = "Objective-C.xcconfig"; sourceTree = "<group>"; };
		0509120220E559CF009EF90C /* C++.xcconfig */ = {isa = PBXFileReference; lastKnownFileType = text.xcconfig; path = "C++.xcconfig"; sourceTree = "<group>"; };
		0509120320E559CF009EF90C /* All-Languages.xcconfig */ = {isa = PBXFileReference; lastKnownFileType = text.xcconfig; path = "All-Languages.xcconfig"; sourceTree = "<group>"; };
		0509120420E559CF009EF90C /* Preprocessing.xcconfig */ = {isa = PBXFileReference; lastKnownFileType = text.xcconfig; path = Preprocessing.xcconfig; sourceTree = "<group>"; };
		0509120520E559CF009EF90C /* .gitignore */ = {isa = PBXFileReference; lastKnownFileType = text; path = .gitignore; sourceTree = "<group>"; };
		0509120720E559CF009EF90C /* ccache-config.sh */ = {isa = PBXFileReference; lastKnownFileType = text.script.sh; path = "ccache-config.sh"; sourceTree = "<group>"; };
		0509120820E559CF009EF90C /* ccache.sh */ = {isa = PBXFileReference; lastKnownFileType = text.script.sh; path = ccache.sh; sourceTree = "<group>"; };
		05A6D085238BF1700032EA48 /* Debug - Library.xcconfig */ = {isa = PBXFileReference; lastKnownFileType = text.xcconfig; path = "Debug - Library.xcconfig"; sourceTree = "<group>"; };
		05A6D086238BF1700032EA48 /* Release - Library.xcconfig */ = {isa = PBXFileReference; lastKnownFileType = text.xcconfig; path = "Release - Library.xcconfig"; sourceTree = "<group>"; };
		05CD4AB220ED7B2200DBDE99 /* README.md */ = {isa = PBXFileReference; fileEncoding = 4; lastKnownFileType = net.daringfireball.markdown; path = README.md; sourceTree = "<group>"; };
		05CD4ABA20ED7CD100DBDE99 /* ValueTransformers.framework */ = {isa = PBXFileReference; explicitFileType = wrapper.framework; includeInIndex = 0; path = ValueTransformers.framework; sourceTree = BUILT_PRODUCTS_DIR; };
		05CD4AC620ED7CE000DBDE99 /* Info.plist */ = {isa = PBXFileReference; fileEncoding = 4; lastKnownFileType = text.plist.xml; path = Info.plist; sourceTree = "<group>"; };
		05D3734320ED91E5007FE14A /* StringIsNotEmpty.swift */ = {isa = PBXFileReference; fileEncoding = 4; lastKnownFileType = sourcecode.swift; path = StringIsNotEmpty.swift; sourceTree = "<group>"; };
		05D3734420ED91E5007FE14A /* ArrayIsEmpty.swift */ = {isa = PBXFileReference; fileEncoding = 4; lastKnownFileType = sourcecode.swift; path = ArrayIsEmpty.swift; sourceTree = "<group>"; };
		05D3734520ED91E5007FE14A /* StringIsEmpty.swift */ = {isa = PBXFileReference; fileEncoding = 4; lastKnownFileType = sourcecode.swift; path = StringIsEmpty.swift; sourceTree = "<group>"; };
		05D3734620ED91E5007FE14A /* CountToString.swift */ = {isa = PBXFileReference; fileEncoding = 4; lastKnownFileType = sourcecode.swift; path = CountToString.swift; sourceTree = "<group>"; };
		05D3734720ED91E5007FE14A /* NumberIsGreaterThanZero.swift */ = {isa = PBXFileReference; fileEncoding = 4; lastKnownFileType = sourcecode.swift; path = NumberIsGreaterThanZero.swift; sourceTree = "<group>"; };
		05D3734820ED91E5007FE14A /* ArrayHasOnlyOneObject.swift */ = {isa = PBXFileReference; fileEncoding = 4; lastKnownFileType = sourcecode.swift; path = ArrayHasOnlyOneObject.swift; sourceTree = "<group>"; };
		05D3734920ED91E5007FE14A /* ArrayHasMoreThanOneObject.swift */ = {isa = PBXFileReference; fileEncoding = 4; lastKnownFileType = sourcecode.swift; path = ArrayHasMoreThanOneObject.swift; sourceTree = "<group>"; };
		05D3734A20ED91E5007FE14A /* NumberIsLessThanZero.swift */ = {isa = PBXFileReference; fileEncoding = 4; lastKnownFileType = sourcecode.swift; path = NumberIsLessThanZero.swift; sourceTree = "<group>"; };
		05D3734B20ED91E5007FE14A /* BoolToDisabledTextColor.swift */ = {isa = PBXFileReference; fileEncoding = 4; lastKnownFileType = sourcecode.swift; path = BoolToDisabledTextColor.swift; sourceTree = "<group>"; };
		05D3734C20ED91E5007FE14A /* ArrayIsNotEmpty.swift */ = {isa = PBXFileReference; fileEncoding = 4; lastKnownFileType = sourcecode.swift; path = ArrayIsNotEmpty.swift; sourceTree = "<group>"; };
		05D3734D20ED91E5007FE14A /* NumberIsZero.swift */ = {isa = PBXFileReference; fileEncoding = 4; lastKnownFileType = sourcecode.swift; path = NumberIsZero.swift; sourceTree = "<group>"; };
		05D3734E20ED91E5007FE14A /* UppercaseString.swift */ = {isa = PBXFileReference; fileEncoding = 4; lastKnownFileType = sourcecode.swift; path = UppercaseString.swift; sourceTree = "<group>"; };
		05D3736F20ED96D6007FE14A /* ValueTransformersTests.xctest */ = {isa = PBXFileReference; explicitFileType = wrapper.cfbundle; includeInIndex = 0; path = ValueTransformersTests.xctest; sourceTree = BUILT_PRODUCTS_DIR; };
		05D3737120ED96D6007FE14A /* ValueTransformersTests.m */ = {isa = PBXFileReference; lastKnownFileType = sourcecode.c.objc; path = ValueTransformersTests.m; sourceTree = "<group>"; };
		05D3737320ED96D6007FE14A /* Info.plist */ = {isa = PBXFileReference; lastKnownFileType = text.plist.xml; path = Info.plist; sourceTree = "<group>"; };
/* End PBXFileReference section */

/* Begin PBXFrameworksBuildPhase section */
		05CD4AB720ED7CD100DBDE99 /* Frameworks */ = {
			isa = PBXFrameworksBuildPhase;
			buildActionMask = 2147483647;
			files = (
			);
			runOnlyForDeploymentPostprocessing = 0;
		};
		05D3736C20ED96D6007FE14A /* Frameworks */ = {
			isa = PBXFrameworksBuildPhase;
			buildActionMask = 2147483647;
			files = (
				05D3737420ED96D6007FE14A /* ValueTransformers.framework in Frameworks */,
			);
			runOnlyForDeploymentPostprocessing = 0;
		};
/* End PBXFrameworksBuildPhase section */

/* Begin PBXGroup section */
		050911D720E559CF009EF90C /* xcconfig */ = {
			isa = PBXGroup;
			children = (
				0509120520E559CF009EF90C /* .gitignore */,
				050911DE20E559CF009EF90C /* Common */,
				050911D920E559CF009EF90C /* Common.xcconfig */,
				050911DA20E559CF009EF90C /* Debug - ccache.xcconfig */,
				05A6D085238BF1700032EA48 /* Debug - Library.xcconfig */,
				050911DB20E559CF009EF90C /* Debug.xcconfig */,
				050911DD20E559CF009EF90C /* README.md */,
				050911D820E559CF009EF90C /* Release - ccache.xcconfig */,
				05A6D086238BF1700032EA48 /* Release - Library.xcconfig */,
				050911DC20E559CF009EF90C /* Release.xcconfig */,
				0509120620E559CF009EF90C /* Scripts */,
			);
			name = xcconfig;
			path = Submodules/xcconfig;
			sourceTree = "<group>";
		};
		050911DE20E559CF009EF90C /* Common */ = {
			isa = PBXGroup;
			children = (
				050911DF20E559CF009EF90C /* Signing.xcconfig */,
				050911E020E559CF009EF90C /* Architectures.xcconfig */,
				050911E120E559CF009EF90C /* Static-Analyzer */,
				050911E920E559CF009EF90C /* Deployment.xcconfig */,
				050911EA20E559CF009EF90C /* Build-Options.xcconfig */,
				050911EB20E559CF009EF90C /* Swift-Compiler.xcconfig */,
				050911EC20E559CF009EF90C /* Static-Analyzer.xcconfig */,
				050911ED20E559CF009EF90C /* Swift-Compiler */,
				050911F220E559CF009EF90C /* Search-Paths.xcconfig */,
				050911F320E559CF009EF90C /* Apple-LLVM.xcconfig */,
				050911F420E559CF009EF90C /* Apple-LLVM */,
			);
			path = Common;
			sourceTree = "<group>";
		};
		050911E120E559CF009EF90C /* Static-Analyzer */ = {
			isa = PBXGroup;
			children = (
				050911E220E559CF009EF90C /* Issues.xcconfig */,
				050911E320E559CF009EF90C /* Issues */,
			);
			path = "Static-Analyzer";
			sourceTree = "<group>";
		};
		050911E320E559CF009EF90C /* Issues */ = {
			isa = PBXGroup;
			children = (
				050911E420E559CF009EF90C /* Apple-APIs.xcconfig */,
				050911E520E559CF009EF90C /* Generic-Issues.xcconfig */,
				050911E620E559CF009EF90C /* Security.xcconfig */,
				050911E720E559CF009EF90C /* Objective-C.xcconfig */,
				050911E820E559CF009EF90C /* Analysis-Policy.xcconfig */,
			);
			path = Issues;
			sourceTree = "<group>";
		};
		050911ED20E559CF009EF90C /* Swift-Compiler */ = {
			isa = PBXGroup;
			children = (
				050911EE20E559CF009EF90C /* Warnings-Policies.xcconfig */,
				050911EF20E559CF009EF90C /* Code-Generation.xcconfig */,
				050911F020E559CF009EF90C /* Language.xcconfig */,
				050911F120E559CF009EF90C /* General.xcconfig */,
			);
			path = "Swift-Compiler";
			sourceTree = "<group>";
		};
		050911F420E559CF009EF90C /* Apple-LLVM */ = {
			isa = PBXGroup;
			children = (
				050911F520E559CF009EF90C /* Language */,
				050911F920E559CF009EF90C /* Code-Generation.xcconfig */,
				050911FA20E559CF009EF90C /* Address-Sanitizer.xcconfig */,
				050911FB20E559CF009EF90C /* Language.xcconfig */,
				050911FC20E559CF009EF90C /* Warnings.xcconfig */,
				050911FD20E559CF009EF90C /* Undefined-Behavior-Sanitizer.xcconfig */,
				050911FE20E559CF009EF90C /* Warning-Policies.xcconfig */,
				050911FF20E559CF009EF90C /* Warnings */,
				0509120420E559CF009EF90C /* Preprocessing.xcconfig */,
			);
			path = "Apple-LLVM";
			sourceTree = "<group>";
		};
		050911F520E559CF009EF90C /* Language */ = {
			isa = PBXGroup;
			children = (
				050911F620E559CF009EF90C /* Modules.xcconfig */,
				050911F720E559CF009EF90C /* Objective-C.xcconfig */,
				050911F820E559CF009EF90C /* C++.xcconfig */,
			);
			path = Language;
			sourceTree = "<group>";
		};
		050911FF20E559CF009EF90C /* Warnings */ = {
			isa = PBXGroup;
			children = (
				0509120020E559CF009EF90C /* Objective-C-ARC.xcconfig */,
				0509120120E559CF009EF90C /* Objective-C.xcconfig */,
				0509120220E559CF009EF90C /* C++.xcconfig */,
				0509120320E559CF009EF90C /* All-Languages.xcconfig */,
			);
			path = Warnings;
			sourceTree = "<group>";
		};
		0509120620E559CF009EF90C /* Scripts */ = {
			isa = PBXGroup;
			children = (
				0509120720E559CF009EF90C /* ccache-config.sh */,
				0509120820E559CF009EF90C /* ccache.sh */,
			);
			path = Scripts;
			sourceTree = "<group>";
		};
		0509121420E55A7F009EF90C /* Frameworks */ = {
			isa = PBXGroup;
			children = (
			);
			name = Frameworks;
			sourceTree = "<group>";
		};
		0509122720E55CB5009EF90C /* ValueTransformers */ = {
			isa = PBXGroup;
			children = (
				05D3734220ED91E5007FE14A /* source */,
				05CD4AC620ED7CE000DBDE99 /* Info.plist */,
			);
			path = ValueTransformers;
			sourceTree = "<group>";
		};
		0543AE5920DC33BC00284E99 = {
			isa = PBXGroup;
			children = (
				05CD4AB220ED7B2200DBDE99 /* README.md */,
				050911D720E559CF009EF90C /* xcconfig */,
				0509122720E55CB5009EF90C /* ValueTransformers */,
				05D3737020ED96D6007FE14A /* ValueTransformersTests */,
				0543AE6320DC33BC00284E99 /* Products */,
				0509121420E55A7F009EF90C /* Frameworks */,
			);
			sourceTree = "<group>";
		};
		0543AE6320DC33BC00284E99 /* Products */ = {
			isa = PBXGroup;
			children = (
				05CD4ABA20ED7CD100DBDE99 /* ValueTransformers.framework */,
				05D3736F20ED96D6007FE14A /* ValueTransformersTests.xctest */,
			);
			name = Products;
			sourceTree = "<group>";
		};
		05D3734220ED91E5007FE14A /* source */ = {
			isa = PBXGroup;
			children = (
				05D3734920ED91E5007FE14A /* ArrayHasMoreThanOneObject.swift */,
				05D3734820ED91E5007FE14A /* ArrayHasOnlyOneObject.swift */,
				05D3734420ED91E5007FE14A /* ArrayIsEmpty.swift */,
				05D3734C20ED91E5007FE14A /* ArrayIsNotEmpty.swift */,
				05D3734B20ED91E5007FE14A /* BoolToDisabledTextColor.swift */,
				05D3734620ED91E5007FE14A /* CountToString.swift */,
				05D3734720ED91E5007FE14A /* NumberIsGreaterThanZero.swift */,
				05D3734A20ED91E5007FE14A /* NumberIsLessThanZero.swift */,
				05D3734D20ED91E5007FE14A /* NumberIsZero.swift */,
				05D3734520ED91E5007FE14A /* StringIsEmpty.swift */,
				05D3734320ED91E5007FE14A /* StringIsNotEmpty.swift */,
				05D3734E20ED91E5007FE14A /* UppercaseString.swift */,
			);
			path = source;
			sourceTree = "<group>";
		};
		05D3737020ED96D6007FE14A /* ValueTransformersTests */ = {
			isa = PBXGroup;
			children = (
				05D3737120ED96D6007FE14A /* ValueTransformersTests.m */,
				05D3737320ED96D6007FE14A /* Info.plist */,
			);
			path = ValueTransformersTests;
			sourceTree = "<group>";
		};
/* End PBXGroup section */

/* Begin PBXHeadersBuildPhase section */
		05CD4AB520ED7CD100DBDE99 /* Headers */ = {
			isa = PBXHeadersBuildPhase;
			buildActionMask = 2147483647;
			files = (
			);
			runOnlyForDeploymentPostprocessing = 0;
		};
/* End PBXHeadersBuildPhase section */

/* Begin PBXNativeTarget section */
		05CD4AB920ED7CD100DBDE99 /* ValueTransformers */ = {
			isa = PBXNativeTarget;
			buildConfigurationList = 05CD4AC320ED7CD100DBDE99 /* Build configuration list for PBXNativeTarget "ValueTransformers" */;
			buildPhases = (
				05CD4AB520ED7CD100DBDE99 /* Headers */,
				05CD4AB620ED7CD100DBDE99 /* Sources */,
				05CD4AB720ED7CD100DBDE99 /* Frameworks */,
				05CD4AB820ED7CD100DBDE99 /* Resources */,
			);
			buildRules = (
			);
			dependencies = (
			);
			name = ValueTransformers;
			productName = ColorSetKit;
			productReference = 05CD4ABA20ED7CD100DBDE99 /* ValueTransformers.framework */;
			productType = "com.apple.product-type.framework";
		};
		05D3736E20ED96D6007FE14A /* ValueTransformersTests */ = {
			isa = PBXNativeTarget;
			buildConfigurationList = 05D3737720ED96D6007FE14A /* Build configuration list for PBXNativeTarget "ValueTransformersTests" */;
			buildPhases = (
				05D3736B20ED96D6007FE14A /* Sources */,
				05D3736C20ED96D6007FE14A /* Frameworks */,
				05D3736D20ED96D6007FE14A /* Resources */,
			);
			buildRules = (
			);
			dependencies = (
				05D3737620ED96D6007FE14A /* PBXTargetDependency */,
			);
			name = ValueTransformersTests;
			productName = ValueTransformersTests;
			productReference = 05D3736F20ED96D6007FE14A /* ValueTransformersTests.xctest */;
			productType = "com.apple.product-type.bundle.unit-test";
		};
/* End PBXNativeTarget section */

/* Begin PBXProject section */
		0543AE5A20DC33BC00284E99 /* Project object */ = {
			isa = PBXProject;
			attributes = {
				LastSwiftUpdateCheck = 0940;
				LastUpgradeCheck = 0940;
				ORGANIZATIONNAME = "XS-Labs";
				TargetAttributes = {
					05CD4AB920ED7CD100DBDE99 = {
						CreatedOnToolsVersion = 10.0;
						ProvisioningStyle = Automatic;
					};
					05D3736E20ED96D6007FE14A = {
						CreatedOnToolsVersion = 10.0;
						ProvisioningStyle = Manual;
					};
				};
			};
			buildConfigurationList = 0543AE5D20DC33BC00284E99 /* Build configuration list for PBXProject "ValueTransformers" */;
			compatibilityVersion = "Xcode 8.0";
			developmentRegion = en;
			hasScannedForEncodings = 0;
			knownRegions = (
				en,
				Base,
			);
			mainGroup = 0543AE5920DC33BC00284E99;
			productRefGroup = 0543AE6320DC33BC00284E99 /* Products */;
			projectDirPath = "";
			projectRoot = "";
			targets = (
				05CD4AB920ED7CD100DBDE99 /* ValueTransformers */,
				05D3736E20ED96D6007FE14A /* ValueTransformersTests */,
			);
		};
/* End PBXProject section */

/* Begin PBXResourcesBuildPhase section */
		05CD4AB820ED7CD100DBDE99 /* Resources */ = {
			isa = PBXResourcesBuildPhase;
			buildActionMask = 2147483647;
			files = (
			);
			runOnlyForDeploymentPostprocessing = 0;
		};
		05D3736D20ED96D6007FE14A /* Resources */ = {
			isa = PBXResourcesBuildPhase;
			buildActionMask = 2147483647;
			files = (
			);
			runOnlyForDeploymentPostprocessing = 0;
		};
/* End PBXResourcesBuildPhase section */

/* Begin PBXSourcesBuildPhase section */
		05CD4AB620ED7CD100DBDE99 /* Sources */ = {
			isa = PBXSourcesBuildPhase;
			buildActionMask = 2147483647;
			files = (
				05D3736520ED91E5007FE14A /* NumberIsLessThanZero.swift in Sources */,
				05D3736920ED91E5007FE14A /* UppercaseString.swift in Sources */,
				05D3736620ED91E5007FE14A /* BoolToDisabledTextColor.swift in Sources */,
				05D3735E20ED91E5007FE14A /* StringIsNotEmpty.swift in Sources */,
				05D3736720ED91E5007FE14A /* ArrayIsNotEmpty.swift in Sources */,
				05D3736220ED91E5007FE14A /* NumberIsGreaterThanZero.swift in Sources */,
				05D3736120ED91E5007FE14A /* CountToString.swift in Sources */,
				05D3736820ED91E5007FE14A /* NumberIsZero.swift in Sources */,
				05D3736420ED91E5007FE14A /* ArrayHasMoreThanOneObject.swift in Sources */,
				05D3735F20ED91E5007FE14A /* ArrayIsEmpty.swift in Sources */,
				05D3736320ED91E5007FE14A /* ArrayHasOnlyOneObject.swift in Sources */,
				05D3736020ED91E5007FE14A /* StringIsEmpty.swift in Sources */,
			);
			runOnlyForDeploymentPostprocessing = 0;
		};
		05D3736B20ED96D6007FE14A /* Sources */ = {
			isa = PBXSourcesBuildPhase;
			buildActionMask = 2147483647;
			files = (
				05D3737220ED96D6007FE14A /* ValueTransformersTests.m in Sources */,
			);
			runOnlyForDeploymentPostprocessing = 0;
		};
/* End PBXSourcesBuildPhase section */

/* Begin PBXTargetDependency section */
		05D3737620ED96D6007FE14A /* PBXTargetDependency */ = {
			isa = PBXTargetDependency;
			target = 05CD4AB920ED7CD100DBDE99 /* ValueTransformers */;
			targetProxy = 05D3737520ED96D6007FE14A /* PBXContainerItemProxy */;
		};
/* End PBXTargetDependency section */

/* Begin XCBuildConfiguration section */
		0543AE6E20DC33BD00284E99 /* Debug */ = {
			isa = XCBuildConfiguration;
			baseConfigurationReference = 050911DB20E559CF009EF90C /* Debug.xcconfig */;
			buildSettings = {
				CODE_SIGN_STYLE = Manual;
				DEVELOPMENT_TEAM = "";
				MACOSX_DEPLOYMENT_TARGET = 10.9;
			};
			name = Debug;
		};
		0543AE6F20DC33BD00284E99 /* Release */ = {
			isa = XCBuildConfiguration;
			baseConfigurationReference = 050911DC20E559CF009EF90C /* Release.xcconfig */;
			buildSettings = {
				CODE_SIGN_STYLE = Manual;
				DEVELOPMENT_TEAM = "";
				MACOSX_DEPLOYMENT_TARGET = 10.9;
			};
			name = Release;
		};
		05CD4AC420ED7CD100DBDE99 /* Debug */ = {
			isa = XCBuildConfiguration;
			baseConfigurationReference = 05A6D085238BF1700032EA48 /* Debug - Library.xcconfig */;
			buildSettings = {
				CURRENT_PROJECT_VERSION = 1;
				DYLIB_COMPATIBILITY_VERSION = 1;
				DYLIB_CURRENT_VERSION = 1;
				DYLIB_INSTALL_NAME_BASE = "@rpath";
				FRAMEWORK_VERSION = A;
				INFOPLIST_FILE = ValueTransformers/Info.plist;
				LD_RUNPATH_SEARCH_PATHS = "$(inherited) @executable_path/../Frameworks @loader_path/Frameworks";
				PRODUCT_BUNDLE_IDENTIFIER = "com.xs-labs.ValueTransformers";
				PRODUCT_NAME = "$(TARGET_NAME:c99extidentifier)";
				VERSIONING_SYSTEM = "apple-generic";
				VERSION_INFO_PREFIX = "";
			};
			name = Debug;
		};
		05CD4AC520ED7CD100DBDE99 /* Release */ = {
			isa = XCBuildConfiguration;
			baseConfigurationReference = 05A6D086238BF1700032EA48 /* Release - Library.xcconfig */;
			buildSettings = {
				CURRENT_PROJECT_VERSION = 1;
				DYLIB_COMPATIBILITY_VERSION = 1;
				DYLIB_CURRENT_VERSION = 1;
				DYLIB_INSTALL_NAME_BASE = "@rpath";
				FRAMEWORK_VERSION = A;
				INFOPLIST_FILE = ValueTransformers/Info.plist;
				LD_RUNPATH_SEARCH_PATHS = "$(inherited) @executable_path/../Frameworks @loader_path/Frameworks";
				PRODUCT_BUNDLE_IDENTIFIER = "com.xs-labs.ValueTransformers";
				PRODUCT_NAME = "$(TARGET_NAME:c99extidentifier)";
				VERSIONING_SYSTEM = "apple-generic";
				VERSION_INFO_PREFIX = "";
			};
			name = Release;
		};
		05D3737820ED96D6007FE14A /* Debug */ = {
			isa = XCBuildConfiguration;
			buildSettings = {
				HEADER_SEARCH_PATHS = (
					"$(inherited)",
					"$(SRCROOT)/ValueTransformers/include",
				);
				INFOPLIST_FILE = ValueTransformersTests/Info.plist;
				LD_RUNPATH_SEARCH_PATHS = "$(inherited) @executable_path/../Frameworks @loader_path/../Frameworks";
				PRODUCT_BUNDLE_IDENTIFIER = "com.xs-labs.ValueTransformersTests";
				PRODUCT_NAME = "$(TARGET_NAME)";
			};
			name = Debug;
		};
		05D3737920ED96D6007FE14A /* Release */ = {
			isa = XCBuildConfiguration;
			buildSettings = {
				HEADER_SEARCH_PATHS = (
					"$(inherited)",
					"$(SRCROOT)/ValueTransformers/include",
				);
				INFOPLIST_FILE = ValueTransformersTests/Info.plist;
				LD_RUNPATH_SEARCH_PATHS = "$(inherited) @executable_path/../Frameworks @loader_path/../Frameworks";
				PRODUCT_BUNDLE_IDENTIFIER = "com.xs-labs.ValueTransformersTests";
				PRODUCT_NAME = "$(TARGET_NAME)";
			};
			name = Release;
		};
/* End XCBuildConfiguration section */

/* Begin XCConfigurationList section */
		0543AE5D20DC33BC00284E99 /* Build configuration list for PBXProject "ValueTransformers" */ = {
			isa = XCConfigurationList;
			buildConfigurations = (
				0543AE6E20DC33BD00284E99 /* Debug */,
				0543AE6F20DC33BD00284E99 /* Release */,
			);
			defaultConfigurationIsVisible = 0;
			defaultConfigurationName = Release;
		};
		05CD4AC320ED7CD100DBDE99 /* Build configuration list for PBXNativeTarget "ValueTransformers" */ = {
			isa = XCConfigurationList;
			buildConfigurations = (
				05CD4AC420ED7CD100DBDE99 /* Debug */,
				05CD4AC520ED7CD100DBDE99 /* Release */,
			);
			defaultConfigurationIsVisible = 0;
			defaultConfigurationName = Release;
		};
		05D3737720ED96D6007FE14A /* Build configuration list for PBXNativeTarget "ValueTransformersTests" */ = {
			isa = XCConfigurationList;
			buildConfigurations = (
				05D3737820ED96D6007FE14A /* Debug */,
				05D3737920ED96D6007FE14A /* Release */,
			);
			defaultConfigurationIsVisible = 0;
			defaultConfigurationName = Release;
		};
/* End XCConfigurationList section */
	};
	rootObject = 0543AE5A20DC33BC00284E99 /* Project object */;
}
